
Microsoft Visual Studio Solution File, Format Version 12.00
# Visual Studio 15
Project("{FAE04EC0-301F-11D3-BF4B-00C04F79EFBC}") = "Assembly-CSharp", "Assembly-CSharp.csproj", "{472F1AC2-826B-B61F-7F91-9E1BCBA380D9}"
EndProject
Project("{FAE04EC0-301F-11D3-BF4B-00C04F79EFBC}") = "Assembly-CSharp-firstpass", "Assembly-CSharp-firstpass.csproj", "{DDC617F2-65F9-06BF-A7B7-1E35799B5144}"
EndProject
Global
	GlobalSection(SolutionConfigurationPlatforms) = preSolution
		Debug|Any CPU = Debug|Any CPU
		Release|Any CPU = Release|Any CPU
	EndGlobalSection
	GlobalSection(ProjectConfigurationPlatforms) = postSolution
		{472F1AC2-826B-B61F-7F91-9E1BCBA380D9}.Debug|Any CPU.ActiveCfg = Debug|Any CPU
		{472F1AC2-826B-B61F-7F91-9E1BCBA380D9}.Debug|Any CPU.Build.0 = Debug|Any CPU
		{472F1AC2-826B-B61F-7F91-9E1BCBA380D9}.Release|Any CPU.ActiveCfg = Release|Any CPU
		{472F1AC2-826B-B61F-7F91-9E1BCBA380D9}.Release|Any CPU.Build.0 = Release|Any CPU
		{DDC617F2-65F9-06BF-A7B7-1E35799B5144}.Debug|Any CPU.ActiveCfg = Debug|Any CPU
		{DDC617F2-65F9-06BF-A7B7-1E35799B5144}.Debug|Any CPU.Build.0 = Debug|Any CPU
		{DDC617F2-65F9-06BF-A7B7-1E35799B5144}.Release|Any CPU.ActiveCfg = Release|Any CPU
		{DDC617F2-65F9-06BF-A7B7-1E35799B5144}.Release|Any CPU.Build.0 = Release|Any CPU
	EndGlobalSection
	GlobalSection(SolutionProperties) = preSolution
		HideSolutionNode = FALSE
	EndGlobalSection
EndGlobal
